
Microsoft Visual Studio Solution File, Format Version 12.00
# Visual Studio Version 17
VisualStudioVersion = 17.5.002.0
MinimumVisualStudioVersion = 10.0.40219.1
Project("{9A19103F-16F7-4668-BE54-9A1E7A4F7556}") = "NU Society Link", "NU Society Link.csproj", "{24FDAC73-97AF-4907-A118-0393AB75BFD6}"
EndProject
Global
	GlobalSection(SolutionConfigurationPlatforms) = preSolution
		Debug|Any CPU = Debug|Any CPU
		Release|Any CPU = Release|Any CPU
	EndGlobalSection
	GlobalSection(ProjectConfigurationPlatforms) = postSolution
		{24FDAC73-97AF-4907-A118-0393AB75BFD6}.Debug|Any CPU.ActiveCfg = Debug|Any CPU
		{24FDAC73-97AF-4907-A118-0393AB75BFD6}.Debug|Any CPU.Build.0 = Debug|Any CPU
		{24FDAC73-97AF-4907-A118-0393AB75BFD6}.Release|Any CPU.ActiveCfg = Release|Any CPU
		{24FDAC73-97AF-4907-A118-0393AB75BFD6}.Release|Any CPU.Build.0 = Release|Any CPU
	EndGlobalSection
	GlobalSection(SolutionProperties) = preSolution
		HideSolutionNode = FALSE
	EndGlobalSection
	GlobalSection(ExtensibilityGlobals) = postSolution
		SolutionGuid = {8AE005EA-BDCB-43F2-835E-4A225007B216}
	EndGlobalSection
EndGlobal
