
Microsoft Visual Studio Solution File, Format Version 12.00
# Visual Studio Version 17
VisualStudioVersion = 17.9.34701.34
MinimumVisualStudioVersion = 10.0.40219.1
Project("{FAE04EC0-301F-11D3-BF4B-00C04F79EFBC}") = "NU Society Link", "NU Society Link\NU Society Link.csproj", "{AEE07D17-4115-40DC-BFD4-5E77EB02601C}"
EndProject
Global
	GlobalSection(SolutionConfigurationPlatforms) = preSolution
		Debug|Any CPU = Debug|Any CPU
		Release|Any CPU = Release|Any CPU
	EndGlobalSection
	GlobalSection(ProjectConfigurationPlatforms) = postSolution
		{AEE07D17-4115-40DC-BFD4-5E77EB02601C}.Debug|Any CPU.ActiveCfg = Debug|Any CPU
		{AEE07D17-4115-40DC-BFD4-5E77EB02601C}.Debug|Any CPU.Build.0 = Debug|Any CPU
		{AEE07D17-4115-40DC-BFD4-5E77EB02601C}.Release|Any CPU.ActiveCfg = Release|Any CPU
		{AEE07D17-4115-40DC-BFD4-5E77EB02601C}.Release|Any CPU.Build.0 = Release|Any CPU
	EndGlobalSection
	GlobalSection(SolutionProperties) = preSolution
		HideSolutionNode = FALSE
	EndGlobalSection
	GlobalSection(ExtensibilityGlobals) = postSolution
		SolutionGuid = {6CBECFA2-3E43-4796-B737-3783AF9D413E}
	EndGlobalSection
EndGlobal
